
Microsoft Visual Studio Solution File, Format Version 12.00
# Visual Studio 15
VisualStudioVersion = 15.0.28307.1525
MinimumVisualStudioVersion = 10.0.40219.1
Project("{FAE04EC0-301F-11D3-BF4B-00C04F79EFBC}") = "ZplBackupPlugin", "ZplBackupPlugin\ZplBackupPlugin.csproj", "{5BEA2844-29D4-4E6E-B235-14A3A03C427B}"
EndProject
Global
	GlobalSection(SolutionConfigurationPlatforms) = preSolution
		Debug|Any CPU = Debug|Any CPU
		Debug|x64 = Debug|x64
		Release|Any CPU = Release|Any CPU
		Release|x64 = Release|x64
	EndGlobalSection
	GlobalSection(ProjectConfigurationPlatforms) = postSolution
		{5BEA2844-29D4-4E6E-B235-14A3A03C427B}.Debug|Any CPU.ActiveCfg = Debug|Any CPU
		{5BEA2844-29D4-4E6E-B235-14A3A03C427B}.Debug|Any CPU.Build.0 = Debug|Any CPU
		{5BEA2844-29D4-4E6E-B235-14A3A03C427B}.Debug|x64.ActiveCfg = Debug|x64
		{5BEA2844-29D4-4E6E-B235-14A3A03C427B}.Debug|x64.Build.0 = Debug|x64
		{5BEA2844-29D4-4E6E-B235-14A3A03C427B}.Release|Any CPU.ActiveCfg = Release|Any CPU
		{5BEA2844-29D4-4E6E-B235-14A3A03C427B}.Release|Any CPU.Build.0 = Release|Any CPU
		{5BEA2844-29D4-4E6E-B235-14A3A03C427B}.Release|x64.ActiveCfg = Release|x64
		{5BEA2844-29D4-4E6E-B235-14A3A03C427B}.Release|x64.Build.0 = Release|x64
	EndGlobalSection
	GlobalSection(SolutionProperties) = preSolution
		HideSolutionNode = FALSE
	EndGlobalSection
	GlobalSection(ExtensibilityGlobals) = postSolution
		SolutionGuid = {8FBD17F6-6ECA-4DC9-93AC-91593C6B6264}
	EndGlobalSection
EndGlobal
